
Microsoft Visual Studio Solution File, Format Version 12.00
# Visual Studio Version 16
VisualStudioVersion = 16.0.29411.108
MinimumVisualStudioVersion = 10.0.40219.1
Project("{FAE04EC0-301F-11D3-BF4B-00C04F79EFBC}") = "SPz_Lab3", "SPz_Lab3\SPz_Lab3.csproj", "{10D0CAB0-9B25-4D32-8ED2-01640AEC80B6}"
EndProject
Project("{2150E333-8FDC-42A3-9474-1A3956D46DE8}") = "Solution Items", "Solution Items", "{FB0E9A68-E7FF-4087-A2F8-90788BA3C0AF}"
EndProject
Global
	GlobalSection(SolutionConfigurationPlatforms) = preSolution
		Debug|Any CPU = Debug|Any CPU
		Release|Any CPU = Release|Any CPU
	EndGlobalSection
	GlobalSection(ProjectConfigurationPlatforms) = postSolution
		{10D0CAB0-9B25-4D32-8ED2-01640AEC80B6}.Debug|Any CPU.ActiveCfg = Debug|Any CPU
		{10D0CAB0-9B25-4D32-8ED2-01640AEC80B6}.Debug|Any CPU.Build.0 = Debug|Any CPU
		{10D0CAB0-9B25-4D32-8ED2-01640AEC80B6}.Release|Any CPU.ActiveCfg = Release|Any CPU
		{10D0CAB0-9B25-4D32-8ED2-01640AEC80B6}.Release|Any CPU.Build.0 = Release|Any CPU
	EndGlobalSection
	GlobalSection(SolutionProperties) = preSolution
		HideSolutionNode = FALSE
	EndGlobalSection
	GlobalSection(ExtensibilityGlobals) = postSolution
		SolutionGuid = {2E47D214-13FD-4FFE-BCE1-2E943ACA1521}
	EndGlobalSection
EndGlobal
